// !$*UTF8*$!
{
	archiveVersion = 1;
	classes = {
	};
	objectVersion = 46;
	objects = {

/* Begin PBXBuildFile section */
		AA199BA818582F5E00200602 /* add.png in Resources */ = {isa = PBXBuildFile; fileRef = AA199BA718582F5E00200602 /* add.png */; };
		AA199BAA1858339300200602 /* camera.png in Resources */ = {isa = PBXBuildFile; fileRef = AA199BA91858339300200602 /* camera.png */; };
		AA199BAC1858343E00200602 /* image.png in Resources */ = {isa = PBXBuildFile; fileRef = AA199BAB1858343E00200602 /* image.png */; };
		AA42F46D18506CD90020252B /* bubbleMine.png in Resources */ = {isa = PBXBuildFile; fileRef = AA42F46918506CD90020252B /* bubbleMine.png */; };
		AA42F46E18506CD90020252B /* bubbleMine@2x.png in Resources */ = {isa = PBXBuildFile; fileRef = AA42F46A18506CD90020252B /* bubbleMine@2x.png */; };
		AA42F46F18506CD90020252B /* bubbleSomeone.png in Resources */ = {isa = PBXBuildFile; fileRef = AA42F46B18506CD90020252B /* bubbleSomeone.png */; };
		AA42F47018506CD90020252B /* bubbleSomeone@2x.png in Resources */ = {isa = PBXBuildFile; fileRef = AA42F46C18506CD90020252B /* bubbleSomeone@2x.png */; };
		AA44BD1318447F8C0021831C /* ChatCell.m in Sources */ = {isa = PBXBuildFile; fileRef = AA44BD1218447F8C0021831C /* ChatCell.m */; };
		AA44BD201844B6F30021831C /* icon1.png in Resources */ = {isa = PBXBuildFile; fileRef = AA44BD1E1844B6F30021831C /* icon1.png */; };
		AA44BD211844B6F30021831C /* icon2.png in Resources */ = {isa = PBXBuildFile; fileRef = AA44BD1F1844B6F30021831C /* icon2.png */; };
		AA54EDF71851772100BF6074 /* EGORefreshTableHeaderView.m in Sources */ = {isa = PBXBuildFile; fileRef = AA54EDED1851772100BF6074 /* EGORefreshTableHeaderView.m */; };
		AA54EDF81851772100BF6074 /* blackArrow.png in Resources */ = {isa = PBXBuildFile; fileRef = AA54EDEF1851772100BF6074 /* blackArrow.png */; };
		AA54EDF91851772100BF6074 /* blackArrow@2x.png in Resources */ = {isa = PBXBuildFile; fileRef = AA54EDF01851772100BF6074 /* blackArrow@2x.png */; };
		AA54EDFA1851772100BF6074 /* blueArrow.png in Resources */ = {isa = PBXBuildFile; fileRef = AA54EDF11851772100BF6074 /* blueArrow.png */; };
		AA54EDFB1851772100BF6074 /* blueArrow@2x.png in Resources */ = {isa = PBXBuildFile; fileRef = AA54EDF21851772100BF6074 /* blueArrow@2x.png */; };
		AA54EDFC1851772100BF6074 /* grayArrow.png in Resources */ = {isa = PBXBuildFile; fileRef = AA54EDF31851772100BF6074 /* grayArrow.png */; };
		AA54EDFD1851772100BF6074 /* grayArrow@2x.png in Resources */ = {isa = PBXBuildFile; fileRef = AA54EDF41851772100BF6074 /* grayArrow@2x.png */; };
		AA54EDFE1851772100BF6074 /* whiteArrow.png in Resources */ = {isa = PBXBuildFile; fileRef = AA54EDF51851772100BF6074 /* whiteArrow.png */; };
		AA54EDFF1851772100BF6074 /* whiteArrow@2x.png in Resources */ = {isa = PBXBuildFile; fileRef = AA54EDF61851772100BF6074 /* whiteArrow@2x.png */; };
		AA6404891843165700340BFB /* ChatViewController.m in Sources */ = {isa = PBXBuildFile; fileRef = AA6404881843165700340BFB /* ChatViewController.m */; };
		AA82E38A183F271F000CB554 /* UIKit.framework in Frameworks */ = {isa = PBXBuildFile; fileRef = AA82E389183F271F000CB554 /* UIKit.framework */; };
		AA82E38C183F271F000CB554 /* Foundation.framework in Frameworks */ = {isa = PBXBuildFile; fileRef = AA82E38B183F271F000CB554 /* Foundation.framework */; };
		AA82E38E183F271F000CB554 /* CoreGraphics.framework in Frameworks */ = {isa = PBXBuildFile; fileRef = AA82E38D183F271F000CB554 /* CoreGraphics.framework */; };
		AA82E394183F271F000CB554 /* InfoPlist.strings in Resources */ = {isa = PBXBuildFile; fileRef = AA82E392183F271F000CB554 /* InfoPlist.strings */; };
		AA82E396183F271F000CB554 /* main.m in Sources */ = {isa = PBXBuildFile; fileRef = AA82E395183F271F000CB554 /* main.m */; };
		AA82E39A183F271F000CB554 /* AppDelegate.m in Sources */ = {isa = PBXBuildFile; fileRef = AA82E399183F271F000CB554 /* AppDelegate.m */; };
		AA82E39C183F271F000CB554 /* Default.png in Resources */ = {isa = PBXBuildFile; fileRef = AA82E39B183F271F000CB554 /* Default.png */; };
		AA82E39E183F271F000CB554 /* Default@2x.png in Resources */ = {isa = PBXBuildFile; fileRef = AA82E39D183F271F000CB554 /* Default@2x.png */; };
		AA82E3A0183F271F000CB554 /* Default-568h@2x.png in Resources */ = {isa = PBXBuildFile; fileRef = AA82E39F183F271F000CB554 /* Default-568h@2x.png */; };
		AA82E3A3183F271F000CB554 /* MainStoryboard.storyboard in Resources */ = {isa = PBXBuildFile; fileRef = AA82E3A1183F271F000CB554 /* MainStoryboard.storyboard */; };
		AA82E3A6183F271F000CB554 /* loginViewController.m in Sources */ = {isa = PBXBuildFile; fileRef = AA82E3A5183F271F000CB554 /* loginViewController.m */; };
		AA82E3AE183F2720000CB554 /* SenTestingKit.framework in Frameworks */ = {isa = PBXBuildFile; fileRef = AA82E3AD183F2720000CB554 /* SenTestingKit.framework */; };
		AA82E3AF183F2720000CB554 /* UIKit.framework in Frameworks */ = {isa = PBXBuildFile; fileRef = AA82E389183F271F000CB554 /* UIKit.framework */; };
		AA82E3B0183F2720000CB554 /* Foundation.framework in Frameworks */ = {isa = PBXBuildFile; fileRef = AA82E38B183F271F000CB554 /* Foundation.framework */; };
		AA82E3B8183F2720000CB554 /* InfoPlist.strings in Resources */ = {isa = PBXBuildFile; fileRef = AA82E3B6183F2720000CB554 /* InfoPlist.strings */; };
		AA82E3BB183F2720000CB554 /* WeChatTests.m in Sources */ = {isa = PBXBuildFile; fileRef = AA82E3BA183F2720000CB554 /* WeChatTests.m */; };
		AA82E3C8183F27AC000CB554 /* Reachability.m in Sources */ = {isa = PBXBuildFile; fileRef = AA82E3C5183F27AC000CB554 /* Reachability.m */; };
		AA82E3C9183F27AC000CB554 /* UIImage+Utility.m in Sources */ = {isa = PBXBuildFile; fileRef = AA82E3C7183F27AC000CB554 /* UIImage+Utility.m */; };
		AA82E3CB183F27D1000CB554 /* Parse.framework in Frameworks */ = {isa = PBXBuildFile; fileRef = AA82E3CA183F27D1000CB554 /* Parse.framework */; };
		AA82E3CD183F29DB000CB554 /* SystemConfiguration.framework in Frameworks */ = {isa = PBXBuildFile; fileRef = AA82E3CC183F29DB000CB554 /* SystemConfiguration.framework */; };
		AA82E3CF183F29E1000CB554 /* StoreKit.framework in Frameworks */ = {isa = PBXBuildFile; fileRef = AA82E3CE183F29E1000CB554 /* StoreKit.framework */; };
		AA82E3D1183F29E7000CB554 /* Security.framework in Frameworks */ = {isa = PBXBuildFile; fileRef = AA82E3D0183F29E7000CB554 /* Security.framework */; };
		AA82E3D3183F29F2000CB554 /* QuartzCore.framework in Frameworks */ = {isa = PBXBuildFile; fileRef = AA82E3D2183F29F2000CB554 /* QuartzCore.framework */; };
		AA82E3D5183F29FA000CB554 /* MobileCoreServices.framework in Frameworks */ = {isa = PBXBuildFile; fileRef = AA82E3D4183F29FA000CB554 /* MobileCoreServices.framework */; };
		AA82E3D7183F2A00000CB554 /* libz.1.1.3.dylib in Frameworks */ = {isa = PBXBuildFile; fileRef = AA82E3D6183F2A00000CB554 /* libz.1.1.3.dylib */; };
		AA82E3D9183F2A07000CB554 /* CoreLocation.framework in Frameworks */ = {isa = PBXBuildFile; fileRef = AA82E3D8183F2A07000CB554 /* CoreLocation.framework */; };
		AA82E3DB183F2A0F000CB554 /* CFNetwork.framework in Frameworks */ = {isa = PBXBuildFile; fileRef = AA82E3DA183F2A0F000CB554 /* CFNetwork.framework */; };
		AA82E3DD183F2A16000CB554 /* AudioToolbox.framework in Frameworks */ = {isa = PBXBuildFile; fileRef = AA82E3DC183F2A16000CB554 /* AudioToolbox.framework */; };
		AA88AFE0184DB0AA0088B4D0 /* back.png in Resources */ = {isa = PBXBuildFile; fileRef = AA88AFDE184DB0AA0088B4D0 /* back.png */; };
		AA88AFE1184DB0AA0088B4D0 /* logout.jpg in Resources */ = {isa = PBXBuildFile; fileRef = AA88AFDF184DB0AA0088B4D0 /* logout.jpg */; };
		AA8E9BB7184C696A0049D974 /* mic.jpg in Resources */ = {isa = PBXBuildFile; fileRef = AA8E9BB6184C696A0049D974 /* mic.jpg */; };
		AA8E9BB9184C6B5F0049D974 /* Text.png in Resources */ = {isa = PBXBuildFile; fileRef = AA8E9BB8184C6B5F0049D974 /* Text.png */; };
		AA8E9BBB184C6EC00049D974 /* AVFoundation.framework in Frameworks */ = {isa = PBXBuildFile; fileRef = AA8E9BBA184C6EC00049D974 /* AVFoundation.framework */; };
		AAA9EC3E183F2EEF004DF9F8 /* registerViewController.m in Sources */ = {isa = PBXBuildFile; fileRef = AAA9EC3D183F2EEF004DF9F8 /* registerViewController.m */; };
		AACD75E618489F830049F48E /* Mushroom.png in Resources */ = {isa = PBXBuildFile; fileRef = AACD75E518489F830049F48E /* Mushroom.png */; };
		AAD04944183F5CE500FCB3B1 /* friendlistViewController.m in Sources */ = {isa = PBXBuildFile; fileRef = AAD04943183F5CE500FCB3B1 /* friendlistViewController.m */; };
/* End PBXBuildFile section */

/* Begin PBXContainerItemProxy section */
		AA82E3B1183F2720000CB554 /* PBXContainerItemProxy */ = {
			isa = PBXContainerItemProxy;
			containerPortal = AA82E37E183F271F000CB554 /* Project object */;
			proxyType = 1;
			remoteGlobalIDString = AA82E385183F271F000CB554;
			remoteInfo = WeChat;
		};
/* End PBXContainerItemProxy section */

/* Begin PBXFileReference section */
		AA199BA718582F5E00200602 /* add.png */ = {isa = PBXFileReference; lastKnownFileType = image.png; name = add.png; path = resource/add.png; sourceTree = "<group>"; };
		AA199BA91858339300200602 /* camera.png */ = {isa = PBXFileReference; lastKnownFileType = image.png; name = camera.png; path = resource/camera.png; sourceTree = "<group>"; };
		AA199BAB1858343E00200602 /* image.png */ = {isa = PBXFileReference; lastKnownFileType = image.png; name = image.png; path = resource/image.png; sourceTree = "<group>"; };
		AA42F46918506CD90020252B /* bubbleMine.png */ = {isa = PBXFileReference; lastKnownFileType = image.png; name = bubbleMine.png; path = resource/bubbleMine.png; sourceTree = "<group>"; };
		AA42F46A18506CD90020252B /* bubbleMine@2x.png */ = {isa = PBXFileReference; lastKnownFileType = image.png; name = "bubbleMine@2x.png"; path = "resource/bubbleMine@2x.png"; sourceTree = "<group>"; };
		AA42F46B18506CD90020252B /* bubbleSomeone.png */ = {isa = PBXFileReference; lastKnownFileType = image.png; name = bubbleSomeone.png; path = resource/bubbleSomeone.png; sourceTree = "<group>"; };
		AA42F46C18506CD90020252B /* bubbleSomeone@2x.png */ = {isa = PBXFileReference; lastKnownFileType = image.png; name = "bubbleSomeone@2x.png"; path = "resource/bubbleSomeone@2x.png"; sourceTree = "<group>"; };
		AA44BD1118447F8C0021831C /* ChatCell.h */ = {isa = PBXFileReference; fileEncoding = 4; lastKnownFileType = sourcecode.c.h; path = ChatCell.h; sourceTree = "<group>"; };
		AA44BD1218447F8C0021831C /* ChatCell.m */ = {isa = PBXFileReference; fileEncoding = 4; lastKnownFileType = sourcecode.c.objc; path = ChatCell.m; sourceTree = "<group>"; };
		AA44BD1E1844B6F30021831C /* icon1.png */ = {isa = PBXFileReference; lastKnownFileType = image.png; name = icon1.png; path = resource/icon1.png; sourceTree = "<group>"; };
		AA44BD1F1844B6F30021831C /* icon2.png */ = {isa = PBXFileReference; lastKnownFileType = image.png; name = icon2.png; path = resource/icon2.png; sourceTree = "<group>"; };
		AA54EDEC1851772100BF6074 /* EGORefreshTableHeaderView.h */ = {isa = PBXFileReference; fileEncoding = 4; lastKnownFileType = sourcecode.c.h; path = EGORefreshTableHeaderView.h; sourceTree = "<group>"; };
		AA54EDED1851772100BF6074 /* EGORefreshTableHeaderView.m */ = {isa = PBXFileReference; fileEncoding = 4; lastKnownFileType = sourcecode.c.objc; path = EGORefreshTableHeaderView.m; sourceTree = "<group>"; };
		AA54EDEF1851772100BF6074 /* blackArrow.png */ = {isa = PBXFileReference; lastKnownFileType = image.png; path = blackArrow.png; sourceTree = "<group>"; };
		AA54EDF01851772100BF6074 /* blackArrow@2x.png */ = {isa = PBXFileReference; lastKnownFileType = image.png; path = "blackArrow@2x.png"; sourceTree = "<group>"; };
		AA54EDF11851772100BF6074 /* blueArrow.png */ = {isa = PBXFileReference; lastKnownFileType = image.png; path = blueArrow.png; sourceTree = "<group>"; };
		AA54EDF21851772100BF6074 /* blueArrow@2x.png */ = {isa = PBXFileReference; lastKnownFileType = image.png; path = "blueArrow@2x.png"; sourceTree = "<group>"; };
		AA54EDF31851772100BF6074 /* grayArrow.png */ = {isa = PBXFileReference; lastKnownFileType = image.png; path = grayArrow.png; sourceTree = "<group>"; };
		AA54EDF41851772100BF6074 /* grayArrow@2x.png */ = {isa = PBXFileReference; lastKnownFileType = image.png; path = "grayArrow@2x.png"; sourceTree = "<group>"; };
		AA54EDF51851772100BF6074 /* whiteArrow.png */ = {isa = PBXFileReference; lastKnownFileType = image.png; path = whiteArrow.png; sourceTree = "<group>"; };
		AA54EDF61851772100BF6074 /* whiteArrow@2x.png */ = {isa = PBXFileReference; lastKnownFileType = image.png; path = "whiteArrow@2x.png"; sourceTree = "<group>"; };
		AA6404871843165700340BFB /* ChatViewController.h */ = {isa = PBXFileReference; fileEncoding = 4; lastKnownFileType = sourcecode.c.h; path = ChatViewController.h; sourceTree = "<group>"; };
		AA6404881843165700340BFB /* ChatViewController.m */ = {isa = PBXFileReference; fileEncoding = 4; lastKnownFileType = sourcecode.c.objc; path = ChatViewController.m; sourceTree = "<group>"; };
		AA82E386183F271F000CB554 /* WeChat.app */ = {isa = PBXFileReference; explicitFileType = wrapper.application; includeInIndex = 0; path = WeChat.app; sourceTree = BUILT_PRODUCTS_DIR; };
		AA82E389183F271F000CB554 /* UIKit.framework */ = {isa = PBXFileReference; lastKnownFileType = wrapper.framework; name = UIKit.framework; path = System/Library/Frameworks/UIKit.framework; sourceTree = SDKROOT; };
		AA82E38B183F271F000CB554 /* Foundation.framework */ = {isa = PBXFileReference; lastKnownFileType = wrapper.framework; name = Foundation.framework; path = System/Library/Frameworks/Foundation.framework; sourceTree = SDKROOT; };
		AA82E38D183F271F000CB554 /* CoreGraphics.framework */ = {isa = PBXFileReference; lastKnownFileType = wrapper.framework; name = CoreGraphics.framework; path = System/Library/Frameworks/CoreGraphics.framework; sourceTree = SDKROOT; };
		AA82E391183F271F000CB554 /* WeChat-Info.plist */ = {isa = PBXFileReference; lastKnownFileType = text.plist.xml; path = "WeChat-Info.plist"; sourceTree = "<group>"; };
		AA82E393183F271F000CB554 /* en */ = {isa = PBXFileReference; lastKnownFileType = text.plist.strings; name = en; path = en.lproj/InfoPlist.strings; sourceTree = "<group>"; };
		AA82E395183F271F000CB554 /* main.m */ = {isa = PBXFileReference; lastKnownFileType = sourcecode.c.objc; path = main.m; sourceTree = "<group>"; };
		AA82E397183F271F000CB554 /* WeChat-Prefix.pch */ = {isa = PBXFileReference; lastKnownFileType = sourcecode.c.h; path = "WeChat-Prefix.pch"; sourceTree = "<group>"; };
		AA82E398183F271F000CB554 /* AppDelegate.h */ = {isa = PBXFileReference; lastKnownFileType = sourcecode.c.h; path = AppDelegate.h; sourceTree = "<group>"; };
		AA82E399183F271F000CB554 /* AppDelegate.m */ = {isa = PBXFileReference; lastKnownFileType = sourcecode.c.objc; path = AppDelegate.m; sourceTree = "<group>"; };
		AA82E39B183F271F000CB554 /* Default.png */ = {isa = PBXFileReference; lastKnownFileType = image.png; path = Default.png; sourceTree = "<group>"; };
		AA82E39D183F271F000CB554 /* Default@2x.png */ = {isa = PBXFileReference; lastKnownFileType = image.png; path = "Default@2x.png"; sourceTree = "<group>"; };
		AA82E39F183F271F000CB554 /* Default-568h@2x.png */ = {isa = PBXFileReference; lastKnownFileType = image.png; path = "Default-568h@2x.png"; sourceTree = "<group>"; };
		AA82E3A2183F271F000CB554 /* en */ = {isa = PBXFileReference; lastKnownFileType = file.storyboard; name = en; path = en.lproj/MainStoryboard.storyboard; sourceTree = "<group>"; };
		AA82E3A4183F271F000CB554 /* loginViewController.h */ = {isa = PBXFileReference; lastKnownFileType = sourcecode.c.h; path = loginViewController.h; sourceTree = "<group>"; };
		AA82E3A5183F271F000CB554 /* loginViewController.m */ = {isa = PBXFileReference; lastKnownFileType = sourcecode.c.objc; path = loginViewController.m; sourceTree = "<group>"; };
		AA82E3AC183F2720000CB554 /* WeChatTests.octest */ = {isa = PBXFileReference; explicitFileType = wrapper.cfbundle; includeInIndex = 0; path = WeChatTests.octest; sourceTree = BUILT_PRODUCTS_DIR; };
		AA82E3AD183F2720000CB554 /* SenTestingKit.framework */ = {isa = PBXFileReference; lastKnownFileType = wrapper.framework; name = SenTestingKit.framework; path = Library/Frameworks/SenTestingKit.framework; sourceTree = DEVELOPER_DIR; };
		AA82E3B5183F2720000CB554 /* WeChatTests-Info.plist */ = {isa = PBXFileReference; lastKnownFileType = text.plist.xml; path = "WeChatTests-Info.plist"; sourceTree = "<group>"; };
		AA82E3B7183F2720000CB554 /* en */ = {isa = PBXFileReference; lastKnownFileType = text.plist.strings; name = en; path = en.lproj/InfoPlist.strings; sourceTree = "<group>"; };
		AA82E3B9183F2720000CB554 /* WeChatTests.h */ = {isa = PBXFileReference; lastKnownFileType = sourcecode.c.h; path = WeChatTests.h; sourceTree = "<group>"; };
		AA82E3BA183F2720000CB554 /* WeChatTests.m */ = {isa = PBXFileReference; lastKnownFileType = sourcecode.c.objc; path = WeChatTests.m; sourceTree = "<group>"; };
		AA82E3C4183F27AC000CB554 /* Reachability.h */ = {isa = PBXFileReference; fileEncoding = 4; lastKnownFileType = sourcecode.c.h; path = Reachability.h; sourceTree = "<group>"; };
		AA82E3C5183F27AC000CB554 /* Reachability.m */ = {isa = PBXFileReference; fileEncoding = 4; lastKnownFileType = sourcecode.c.objc; path = Reachability.m; sourceTree = "<group>"; };
		AA82E3C6183F27AC000CB554 /* UIImage+Utility.h */ = {isa = PBXFileReference; fileEncoding = 4; lastKnownFileType = sourcecode.c.h; path = "UIImage+Utility.h"; sourceTree = "<group>"; };
		AA82E3C7183F27AC000CB554 /* UIImage+Utility.m */ = {isa = PBXFileReference; fileEncoding = 4; lastKnownFileType = sourcecode.c.objc; path = "UIImage+Utility.m"; sourceTree = "<group>"; };
		AA82E3CA183F27D1000CB554 /* Parse.framework */ = {isa = PBXFileReference; lastKnownFileType = wrapper.framework; path = Parse.framework; sourceTree = "<group>"; };
		AA82E3CC183F29DB000CB554 /* SystemConfiguration.framework */ = {isa = PBXFileReference; lastKnownFileType = wrapper.framework; name = SystemConfiguration.framework; path = System/Library/Frameworks/SystemConfiguration.framework; sourceTree = SDKROOT; };
		AA82E3CE183F29E1000CB554 /* StoreKit.framework */ = {isa = PBXFileReference; lastKnownFileType = wrapper.framework; name = StoreKit.framework; path = System/Library/Frameworks/StoreKit.framework; sourceTree = SDKROOT; };
		AA82E3D0183F29E7000CB554 /* Security.framework */ = {isa = PBXFileReference; lastKnownFileType = wrapper.framework; name = Security.framework; path = System/Library/Frameworks/Security.framework; sourceTree = SDKROOT; };
		AA82E3D2183F29F2000CB554 /* QuartzCore.framework */ = {isa = PBXFileReference; lastKnownFileType = wrapper.framework; name = QuartzCore.framework; path = System/Library/Frameworks/QuartzCore.framework; sourceTree = SDKROOT; };
		AA82E3D4183F29FA000CB554 /* MobileCoreServices.framework */ = {isa = PBXFileReference; lastKnownFileType = wrapper.framework; name = MobileCoreServices.framework; path = System/Library/Frameworks/MobileCoreServices.framework; sourceTree = SDKROOT; };
		AA82E3D6183F2A00000CB554 /* libz.1.1.3.dylib */ = {isa = PBXFileReference; lastKnownFileType = "compiled.mach-o.dylib"; name = libz.1.1.3.dylib; path = usr/lib/libz.1.1.3.dylib; sourceTree = SDKROOT; };
		AA82E3D8183F2A07000CB554 /* CoreLocation.framework */ = {isa = PBXFileReference; lastKnownFileType = wrapper.framework; name = CoreLocation.framework; path = System/Library/Frameworks/CoreLocation.framework; sourceTree = SDKROOT; };
		AA82E3DA183F2A0F000CB554 /* CFNetwork.framework */ = {isa = PBXFileReference; lastKnownFileType = wrapper.framework; name = CFNetwork.framework; path = System/Library/Frameworks/CFNetwork.framework; sourceTree = SDKROOT; };
		AA82E3DC183F2A16000CB554 /* AudioToolbox.framework */ = {isa = PBXFileReference; lastKnownFileType = wrapper.framework; name = AudioToolbox.framework; path = System/Library/Frameworks/AudioToolbox.framework; sourceTree = SDKROOT; };
		AA88AFDE184DB0AA0088B4D0 /* back.png */ = {isa = PBXFileReference; lastKnownFileType = image.png; name = back.png; path = resource/back.png; sourceTree = "<group>"; };
		AA88AFDF184DB0AA0088B4D0 /* logout.jpg */ = {isa = PBXFileReference; lastKnownFileType = image.jpeg; name = logout.jpg; path = resource/logout.jpg; sourceTree = "<group>"; };
		AA8E9BB6184C696A0049D974 /* mic.jpg */ = {isa = PBXFileReference; lastKnownFileType = image.jpeg; name = mic.jpg; path = resource/mic.jpg; sourceTree = "<group>"; };
		AA8E9BB8184C6B5F0049D974 /* Text.png */ = {isa = PBXFileReference; lastKnownFileType = image.png; name = Text.png; path = resource/Text.png; sourceTree = "<group>"; };
		AA8E9BBA184C6EC00049D974 /* AVFoundation.framework */ = {isa = PBXFileReference; lastKnownFileType = wrapper.framework; name = AVFoundation.framework; path = System/Library/Frameworks/AVFoundation.framework; sourceTree = SDKROOT; };
		AAA9EC3C183F2EEF004DF9F8 /* registerViewController.h */ = {isa = PBXFileReference; fileEncoding = 4; lastKnownFileType = sourcecode.c.h; path = registerViewController.h; sourceTree = "<group>"; };
		AAA9EC3D183F2EEF004DF9F8 /* registerViewController.m */ = {isa = PBXFileReference; fileEncoding = 4; lastKnownFileType = sourcecode.c.objc; path = registerViewController.m; sourceTree = "<group>"; };
		AACD75E518489F830049F48E /* Mushroom.png */ = {isa = PBXFileReference; lastKnownFileType = image.png; name = Mushroom.png; path = resource/Mushroom.png; sourceTree = "<group>"; };
		AAD04942183F5CE500FCB3B1 /* friendlistViewController.h */ = {isa = PBXFileReference; fileEncoding = 4; lastKnownFileType = sourcecode.c.h; path = friendlistViewController.h; sourceTree = "<group>"; };
		AAD04943183F5CE500FCB3B1 /* friendlistViewController.m */ = {isa = PBXFileReference; fileEncoding = 4; lastKnownFileType = sourcecode.c.objc; path = friendlistViewController.m; sourceTree = "<group>"; };
/* End PBXFileReference section */

/* Begin PBXFrameworksBuildPhase section */
		AA82E383183F271F000CB554 /* Frameworks */ = {
			isa = PBXFrameworksBuildPhase;
			buildActionMask = 2147483647;
			files = (
				AA8E9BBB184C6EC00049D974 /* AVFoundation.framework in Frameworks */,
				AA82E3DD183F2A16000CB554 /* AudioToolbox.framework in Frameworks */,
				AA82E3DB183F2A0F000CB554 /* CFNetwork.framework in Frameworks */,
				AA82E3D9183F2A07000CB554 /* CoreLocation.framework in Frameworks */,
				AA82E3D7183F2A00000CB554 /* libz.1.1.3.dylib in Frameworks */,
				AA82E3D5183F29FA000CB554 /* MobileCoreServices.framework in Frameworks */,
				AA82E3D3183F29F2000CB554 /* QuartzCore.framework in Frameworks */,
				AA82E3D1183F29E7000CB554 /* Security.framework in Frameworks */,
				AA82E3CF183F29E1000CB554 /* StoreKit.framework in Frameworks */,
				AA82E3CD183F29DB000CB554 /* SystemConfiguration.framework in Frameworks */,
				AA82E3CB183F27D1000CB554 /* Parse.framework in Frameworks */,
				AA82E38A183F271F000CB554 /* UIKit.framework in Frameworks */,
				AA82E38C183F271F000CB554 /* Foundation.framework in Frameworks */,
				AA82E38E183F271F000CB554 /* CoreGraphics.framework in Frameworks */,
			);
			runOnlyForDeploymentPostprocessing = 0;
		};
		AA82E3A8183F2720000CB554 /* Frameworks */ = {
			isa = PBXFrameworksBuildPhase;
			buildActionMask = 2147483647;
			files = (
				AA82E3AE183F2720000CB554 /* SenTestingKit.framework in Frameworks */,
				AA82E3AF183F2720000CB554 /* UIKit.framework in Frameworks */,
				AA82E3B0183F2720000CB554 /* Foundation.framework in Frameworks */,
			);
			runOnlyForDeploymentPostprocessing = 0;
		};
/* End PBXFrameworksBuildPhase section */

/* Begin PBXGroup section */
		AA44BD15184490BA0021831C /* resource */ = {
			isa = PBXGroup;
			children = (
				AA44BD1E1844B6F30021831C /* icon1.png */,
				AA44BD1F1844B6F30021831C /* icon2.png */,
				AACD75E518489F830049F48E /* Mushroom.png */,
				AA8E9BB6184C696A0049D974 /* mic.jpg */,
				AA8E9BB8184C6B5F0049D974 /* Text.png */,
				AA88AFDE184DB0AA0088B4D0 /* back.png */,
				AA88AFDF184DB0AA0088B4D0 /* logout.jpg */,
				AA42F46918506CD90020252B /* bubbleMine.png */,
				AA42F46A18506CD90020252B /* bubbleMine@2x.png */,
				AA42F46B18506CD90020252B /* bubbleSomeone.png */,
				AA42F46C18506CD90020252B /* bubbleSomeone@2x.png */,
				AA199BA718582F5E00200602 /* add.png */,
				AA199BA91858339300200602 /* camera.png */,
				AA199BAB1858343E00200602 /* image.png */,
			);
			name = resource;
			sourceTree = "<group>";
		};
		AA54EDE91851772100BF6074 /* EGOTableViewPullRefresh */ = {
			isa = PBXGroup;
			children = (
				AA54EDEA1851772100BF6074 /* Classes */,
				AA54EDEE1851772100BF6074 /* Resources */,
			);
			path = EGOTableViewPullRefresh;
			sourceTree = "<group>";
		};
		AA54EDEA1851772100BF6074 /* Classes */ = {
			isa = PBXGroup;
			children = (
				AA54EDEB1851772100BF6074 /* View */,
			);
			path = Classes;
			sourceTree = "<group>";
		};
		AA54EDEB1851772100BF6074 /* View */ = {
			isa = PBXGroup;
			children = (
				AA54EDEC1851772100BF6074 /* EGORefreshTableHeaderView.h */,
				AA54EDED1851772100BF6074 /* EGORefreshTableHeaderView.m */,
			);
			path = View;
			sourceTree = "<group>";
		};
		AA54EDEE1851772100BF6074 /* Resources */ = {
			isa = PBXGroup;
			children = (
				AA54EDEF1851772100BF6074 /* blackArrow.png */,
				AA54EDF01851772100BF6074 /* blackArrow@2x.png */,
				AA54EDF11851772100BF6074 /* blueArrow.png */,
				AA54EDF21851772100BF6074 /* blueArrow@2x.png */,
				AA54EDF31851772100BF6074 /* grayArrow.png */,
				AA54EDF41851772100BF6074 /* grayArrow@2x.png */,
				AA54EDF51851772100BF6074 /* whiteArrow.png */,
				AA54EDF61851772100BF6074 /* whiteArrow@2x.png */,
			);
			path = Resources;
			sourceTree = "<group>";
		};
		AA82E37D183F271F000CB554 = {
			isa = PBXGroup;
			children = (
				AA44BD15184490BA0021831C /* resource */,
				AA82E38F183F271F000CB554 /* WeChat */,
				AA82E3B3183F2720000CB554 /* WeChatTests */,
				AA82E388183F271F000CB554 /* Frameworks */,
				AA82E387183F271F000CB554 /* Products */,
			);
			sourceTree = "<group>";
		};
		AA82E387183F271F000CB554 /* Products */ = {
			isa = PBXGroup;
			children = (
				AA82E386183F271F000CB554 /* WeChat.app */,
				AA82E3AC183F2720000CB554 /* WeChatTests.octest */,
			);
			name = Products;
			sourceTree = "<group>";
		};
		AA82E388183F271F000CB554 /* Frameworks */ = {
			isa = PBXGroup;
			children = (
				AA54EDE91851772100BF6074 /* EGOTableViewPullRefresh */,
				AA8E9BBA184C6EC00049D974 /* AVFoundation.framework */,
				AA82E3DC183F2A16000CB554 /* AudioToolbox.framework */,
				AA82E3DA183F2A0F000CB554 /* CFNetwork.framework */,
				AA82E3D8183F2A07000CB554 /* CoreLocation.framework */,
				AA82E3D6183F2A00000CB554 /* libz.1.1.3.dylib */,
				AA82E3D4183F29FA000CB554 /* MobileCoreServices.framework */,
				AA82E3D2183F29F2000CB554 /* QuartzCore.framework */,
				AA82E3D0183F29E7000CB554 /* Security.framework */,
				AA82E3CE183F29E1000CB554 /* StoreKit.framework */,
				AA82E3CC183F29DB000CB554 /* SystemConfiguration.framework */,
				AA82E3CA183F27D1000CB554 /* Parse.framework */,
				AA82E389183F271F000CB554 /* UIKit.framework */,
				AA82E38B183F271F000CB554 /* Foundation.framework */,
				AA82E38D183F271F000CB554 /* CoreGraphics.framework */,
				AA82E3AD183F2720000CB554 /* SenTestingKit.framework */,
			);
			name = Frameworks;
			sourceTree = "<group>";
		};
		AA82E38F183F271F000CB554 /* WeChat */ = {
			isa = PBXGroup;
			children = (
				AA82E398183F271F000CB554 /* AppDelegate.h */,
				AA82E399183F271F000CB554 /* AppDelegate.m */,
				AA82E3A1183F271F000CB554 /* MainStoryboard.storyboard */,
				AA82E3A4183F271F000CB554 /* loginViewController.h */,
				AA82E3A5183F271F000CB554 /* loginViewController.m */,
				AAA9EC3C183F2EEF004DF9F8 /* registerViewController.h */,
				AAA9EC3D183F2EEF004DF9F8 /* registerViewController.m */,
				AAD04942183F5CE500FCB3B1 /* friendlistViewController.h */,
				AAD04943183F5CE500FCB3B1 /* friendlistViewController.m */,
				AA6404871843165700340BFB /* ChatViewController.h */,
				AA6404881843165700340BFB /* ChatViewController.m */,
				AA44BD1118447F8C0021831C /* ChatCell.h */,
				AA44BD1218447F8C0021831C /* ChatCell.m */,
				AA82E3C4183F27AC000CB554 /* Reachability.h */,
				AA82E3C5183F27AC000CB554 /* Reachability.m */,
				AA82E3C6183F27AC000CB554 /* UIImage+Utility.h */,
				AA82E3C7183F27AC000CB554 /* UIImage+Utility.m */,
				AA82E390183F271F000CB554 /* Supporting Files */,
			);
			path = WeChat;
			sourceTree = "<group>";
		};
		AA82E390183F271F000CB554 /* Supporting Files */ = {
			isa = PBXGroup;
			children = (
				AA82E391183F271F000CB554 /* WeChat-Info.plist */,
				AA82E392183F271F000CB554 /* InfoPlist.strings */,
				AA82E395183F271F000CB554 /* main.m */,
				AA82E397183F271F000CB554 /* WeChat-Prefix.pch */,
				AA82E39B183F271F000CB554 /* Default.png */,
				AA82E39D183F271F000CB554 /* Default@2x.png */,
				AA82E39F183F271F000CB554 /* Default-568h@2x.png */,
			);
			name = "Supporting Files";
			sourceTree = "<group>";
		};
		AA82E3B3183F2720000CB554 /* WeChatTests */ = {
			isa = PBXGroup;
			children = (
				AA82E3B9183F2720000CB554 /* WeChatTests.h */,
				AA82E3BA183F2720000CB554 /* WeChatTests.m */,
				AA82E3B4183F2720000CB554 /* Supporting Files */,
			);
			path = WeChatTests;
			sourceTree = "<group>";
		};
		AA82E3B4183F2720000CB554 /* Supporting Files */ = {
			isa = PBXGroup;
			children = (
				AA82E3B5183F2720000CB554 /* WeChatTests-Info.plist */,
				AA82E3B6183F2720000CB554 /* InfoPlist.strings */,
			);
			name = "Supporting Files";
			sourceTree = "<group>";
		};
/* End PBXGroup section */

/* Begin PBXNativeTarget section */
		AA82E385183F271F000CB554 /* WeChat */ = {
			isa = PBXNativeTarget;
			buildConfigurationList = AA82E3BE183F2720000CB554 /* Build configuration list for PBXNativeTarget "WeChat" */;
			buildPhases = (
				AA82E382183F271F000CB554 /* Sources */,
				AA82E383183F271F000CB554 /* Frameworks */,
				AA82E384183F271F000CB554 /* Resources */,
			);
			buildRules = (
			);
			dependencies = (
			);
			name = WeChat;
			productName = WeChat;
			productReference = AA82E386183F271F000CB554 /* WeChat.app */;
			productType = "com.apple.product-type.application";
		};
		AA82E3AB183F2720000CB554 /* WeChatTests */ = {
			isa = PBXNativeTarget;
			buildConfigurationList = AA82E3C1183F2720000CB554 /* Build configuration list for PBXNativeTarget "WeChatTests" */;
			buildPhases = (
				AA82E3A7183F2720000CB554 /* Sources */,
				AA82E3A8183F2720000CB554 /* Frameworks */,
				AA82E3A9183F2720000CB554 /* Resources */,
				AA82E3AA183F2720000CB554 /* ShellScript */,
			);
			buildRules = (
			);
			dependencies = (
				AA82E3B2183F2720000CB554 /* PBXTargetDependency */,
			);
			name = WeChatTests;
			productName = WeChatTests;
			productReference = AA82E3AC183F2720000CB554 /* WeChatTests.octest */;
			productType = "com.apple.product-type.bundle";
		};
/* End PBXNativeTarget section */

/* Begin PBXProject section */
		AA82E37E183F271F000CB554 /* Project object */ = {
			isa = PBXProject;
			attributes = {
				LastUpgradeCheck = 0460;
				ORGANIZATIONNAME = "Jiao Liu";
			};
			buildConfigurationList = AA82E381183F271F000CB554 /* Build configuration list for PBXProject "WeChat" */;
			compatibilityVersion = "Xcode 3.2";
			developmentRegion = English;
			hasScannedForEncodings = 0;
			knownRegions = (
				en,
			);
			mainGroup = AA82E37D183F271F000CB554;
			productRefGroup = AA82E387183F271F000CB554 /* Products */;
			projectDirPath = "";
			projectRoot = "";
			targets = (
				AA82E385183F271F000CB554 /* WeChat */,
				AA82E3AB183F2720000CB554 /* WeChatTests */,
			);
		};
/* End PBXProject section */

/* Begin PBXResourcesBuildPhase section */
		AA82E384183F271F000CB554 /* Resources */ = {
			isa = PBXResourcesBuildPhase;
			buildActionMask = 2147483647;
			files = (
				AA82E394183F271F000CB554 /* InfoPlist.strings in Resources */,
				AA82E39C183F271F000CB554 /* Default.png in Resources */,
				AA82E39E183F271F000CB554 /* Default@2x.png in Resources */,
				AA82E3A0183F271F000CB554 /* Default-568h@2x.png in Resources */,
				AA82E3A3183F271F000CB554 /* MainStoryboard.storyboard in Resources */,
				AA44BD201844B6F30021831C /* icon1.png in Resources */,
				AA44BD211844B6F30021831C /* icon2.png in Resources */,
				AACD75E618489F830049F48E /* Mushroom.png in Resources */,
				AA8E9BB7184C696A0049D974 /* mic.jpg in Resources */,
				AA8E9BB9184C6B5F0049D974 /* Text.png in Resources */,
				AA88AFE0184DB0AA0088B4D0 /* back.png in Resources */,
				AA88AFE1184DB0AA0088B4D0 /* logout.jpg in Resources */,
				AA42F46D18506CD90020252B /* bubbleMine.png in Resources */,
				AA42F46E18506CD90020252B /* bubbleMine@2x.png in Resources */,
				AA42F46F18506CD90020252B /* bubbleSomeone.png in Resources */,
				AA42F47018506CD90020252B /* bubbleSomeone@2x.png in Resources */,
				AA54EDF81851772100BF6074 /* blackArrow.png in Resources */,
				AA54EDF91851772100BF6074 /* blackArrow@2x.png in Resources */,
				AA54EDFA1851772100BF6074 /* blueArrow.png in Resources */,
				AA54EDFB1851772100BF6074 /* blueArrow@2x.png in Resources */,
				AA54EDFC1851772100BF6074 /* grayArrow.png in Resources */,
				AA54EDFD1851772100BF6074 /* grayArrow@2x.png in Resources */,
				AA54EDFE1851772100BF6074 /* whiteArrow.png in Resources */,
				AA54EDFF1851772100BF6074 /* whiteArrow@2x.png in Resources */,
				AA199BA818582F5E00200602 /* add.png in Resources */,
				AA199BAA1858339300200602 /* camera.png in Resources */,
				AA199BAC1858343E00200602 /* image.png in Resources */,
			);
			runOnlyForDeploymentPostprocessing = 0;
		};
		AA82E3A9183F2720000CB554 /* Resources */ = {
			isa = PBXResourcesBuildPhase;
			buildActionMask = 2147483647;
			files = (
				AA82E3B8183F2720000CB554 /* InfoPlist.strings in Resources */,
			);
			runOnlyForDeploymentPostprocessing = 0;
		};
/* End PBXResourcesBuildPhase section */

/* Begin PBXShellScriptBuildPhase section */
		AA82E3AA183F2720000CB554 /* ShellScript */ = {
			isa = PBXShellScriptBuildPhase;
			buildActionMask = 2147483647;
			files = (
			);
			inputPaths = (
			);
			outputPaths = (
			);
			runOnlyForDeploymentPostprocessing = 0;
			shellPath = /bin/sh;
			shellScript = "# Run the unit tests in this test bundle.\n\"${SYSTEM_DEVELOPER_DIR}/Tools/RunUnitTests\"\n";
		};
/* End PBXShellScriptBuildPhase section */

/* Begin PBXSourcesBuildPhase section */
		AA82E382183F271F000CB554 /* Sources */ = {
			isa = PBXSourcesBuildPhase;
			buildActionMask = 2147483647;
			files = (
				AA82E396183F271F000CB554 /* main.m in Sources */,
				AA82E39A183F271F000CB554 /* AppDelegate.m in Sources */,
				AA82E3A6183F271F000CB554 /* loginViewController.m in Sources */,
				AA82E3C8183F27AC000CB554 /* Reachability.m in Sources */,
				AA82E3C9183F27AC000CB554 /* UIImage+Utility.m in Sources */,
				AAA9EC3E183F2EEF004DF9F8 /* registerViewController.m in Sources */,
				AAD04944183F5CE500FCB3B1 /* friendlistViewController.m in Sources */,
				AA6404891843165700340BFB /* ChatViewController.m in Sources */,
				AA44BD1318447F8C0021831C /* ChatCell.m in Sources */,
				AA54EDF71851772100BF6074 /* EGORefreshTableHeaderView.m in Sources */,
			);
			runOnlyForDeploymentPostprocessing = 0;
		};
		AA82E3A7183F2720000CB554 /* Sources */ = {
			isa = PBXSourcesBuildPhase;
			buildActionMask = 2147483647;
			files = (
				AA82E3BB183F2720000CB554 /* WeChatTests.m in Sources */,
			);
			runOnlyForDeploymentPostprocessing = 0;
		};
/* End PBXSourcesBuildPhase section */

/* Begin PBXTargetDependency section */
		AA82E3B2183F2720000CB554 /* PBXTargetDependency */ = {
			isa = PBXTargetDependency;
			target = AA82E385183F271F000CB554 /* WeChat */;
			targetProxy = AA82E3B1183F2720000CB554 /* PBXContainerItemProxy */;
		};
/* End PBXTargetDependency section */

/* Begin PBXVariantGroup section */
		AA82E392183F271F000CB554 /* InfoPlist.strings */ = {
			isa = PBXVariantGroup;
			children = (
				AA82E393183F271F000CB554 /* en */,
			);
			name = InfoPlist.strings;
			sourceTree = "<group>";
		};
		AA82E3A1183F271F000CB554 /* MainStoryboard.storyboard */ = {
			isa = PBXVariantGroup;
			children = (
				AA82E3A2183F271F000CB554 /* en */,
			);
			name = MainStoryboard.storyboard;
			sourceTree = "<group>";
		};
		AA82E3B6183F2720000CB554 /* InfoPlist.strings */ = {
			isa = PBXVariantGroup;
			children = (
				AA82E3B7183F2720000CB554 /* en */,
			);
			name = InfoPlist.strings;
			sourceTree = "<group>";
		};
/* End PBXVariantGroup section */

/* Begin XCBuildConfiguration section */
		AA82E3BC183F2720000CB554 /* Debug */ = {
			isa = XCBuildConfiguration;
			buildSettings = {
				ALWAYS_SEARCH_USER_PATHS = NO;
				CLANG_CXX_LANGUAGE_STANDARD = "gnu++0x";
				CLANG_CXX_LIBRARY = "libc++";
				CLANG_WARN_CONSTANT_CONVERSION = YES;
				CLANG_WARN_EMPTY_BODY = YES;
				CLANG_WARN_ENUM_CONVERSION = YES;
				CLANG_WARN_INT_CONVERSION = YES;
				CLANG_WARN__DUPLICATE_METHOD_MATCH = YES;
				CODE_SIGN_IDENTITY = "iPhone Distribution: Chongqing Sijian Technology Co., Ltd.";
				"CODE_SIGN_IDENTITY[sdk=iphoneos*]" = "iPhone Developer";
				COPY_PHASE_STRIP = NO;
				GCC_C_LANGUAGE_STANDARD = gnu99;
				GCC_DYNAMIC_NO_PIC = NO;
				GCC_OPTIMIZATION_LEVEL = 0;
				GCC_PREPROCESSOR_DEFINITIONS = (
					"DEBUG=1",
					"$(inherited)",
				);
				GCC_SYMBOLS_PRIVATE_EXTERN = NO;
				GCC_WARN_ABOUT_RETURN_TYPE = YES;
				GCC_WARN_UNINITIALIZED_AUTOS = YES;
				GCC_WARN_UNUSED_VARIABLE = YES;
				IPHONEOS_DEPLOYMENT_TARGET = 5.0;
				ONLY_ACTIVE_ARCH = YES;
				PROVISIONING_PROFILE = "768A9F8D-A049-4448-9A72-A14659909937";
				SDKROOT = iphoneos;
			};
			name = Debug;
		};
		AA82E3BD183F2720000CB554 /* Release */ = {
			isa = XCBuildConfiguration;
			buildSettings = {
				ALWAYS_SEARCH_USER_PATHS = NO;
				CLANG_CXX_LANGUAGE_STANDARD = "gnu++0x";
				CLANG_CXX_LIBRARY = "libc++";
				CLANG_WARN_CONSTANT_CONVERSION = YES;
				CLANG_WARN_EMPTY_BODY = YES;
				CLANG_WARN_ENUM_CONVERSION = YES;
				CLANG_WARN_INT_CONVERSION = YES;
				CLANG_WARN__DUPLICATE_METHOD_MATCH = YES;
				CODE_SIGN_IDENTITY = "iPhone Distribution: Chongqing Sijian Technology Co., Ltd.";
				"CODE_SIGN_IDENTITY[sdk=iphoneos*]" = "iPhone Developer";
				COPY_PHASE_STRIP = YES;
				GCC_C_LANGUAGE_STANDARD = gnu99;
				GCC_WARN_ABOUT_RETURN_TYPE = YES;
				GCC_WARN_UNINITIALIZED_AUTOS = YES;
				GCC_WARN_UNUSED_VARIABLE = YES;
				IPHONEOS_DEPLOYMENT_TARGET = 5.0;
				OTHER_CFLAGS = "-DNS_BLOCK_ASSERTIONS=1";
				PROVISIONING_PROFILE = "768A9F8D-A049-4448-9A72-A14659909937";
				SDKROOT = iphoneos;
				VALIDATE_PRODUCT = YES;
			};
			name = Release;
		};
		AA82E3BF183F2720000CB554 /* Debug */ = {
			isa = XCBuildConfiguration;
			buildSettings = {
				CODE_SIGN_IDENTITY = "iPhone Developer";
				FRAMEWORK_SEARCH_PATHS = (
					"$(inherited)",
					"\"$(SRCROOT)\"",
				);
				GCC_PRECOMPILE_PREFIX_HEADER = YES;
				GCC_PREFIX_HEADER = "WeChat/WeChat-Prefix.pch";
				INFOPLIST_FILE = "WeChat/WeChat-Info.plist";
				IPHONEOS_DEPLOYMENT_TARGET = 5.0;
				PRODUCT_NAME = "$(TARGET_NAME)";
				PROVISIONING_PROFILE = "";
				WRAPPER_EXTENSION = app;
			};
			name = Debug;
		};
		AA82E3C0183F2720000CB554 /* Release */ = {
			isa = XCBuildConfiguration;
			buildSettings = {
				CODE_SIGN_IDENTITY = "iPhone Developer";
				FRAMEWORK_SEARCH_PATHS = (
					"$(inherited)",
					"\"$(SRCROOT)\"",
				);
				GCC_PRECOMPILE_PREFIX_HEADER = YES;
				GCC_PREFIX_HEADER = "WeChat/WeChat-Prefix.pch";
				INFOPLIST_FILE = "WeChat/WeChat-Info.plist";
				IPHONEOS_DEPLOYMENT_TARGET = 5.0;
				PRODUCT_NAME = "$(TARGET_NAME)";
				PROVISIONING_PROFILE = "";
				WRAPPER_EXTENSION = app;
			};
			name = Release;
		};
		AA82E3C2183F2720000CB554 /* Debug */ = {
			isa = XCBuildConfiguration;
			buildSettings = {
				BUNDLE_LOADER = "$(BUILT_PRODUCTS_DIR)/WeChat.app/WeChat";
				FRAMEWORK_SEARCH_PATHS = (
					"\"$(SDKROOT)/Developer/Library/Frameworks\"",
					"\"$(DEVELOPER_LIBRARY_DIR)/Frameworks\"",
				);
				GCC_PRECOMPILE_PREFIX_HEADER = YES;
				GCC_PREFIX_HEADER = "WeChat/WeChat-Prefix.pch";
				INFOPLIST_FILE = "WeChatTests/WeChatTests-Info.plist";
				PRODUCT_NAME = "$(TARGET_NAME)";
				TEST_HOST = "$(BUNDLE_LOADER)";
				WRAPPER_EXTENSION = octest;
			};
			name = Debug;
		};
		AA82E3C3183F2720000CB554 /* Release */ = {
			isa = XCBuildConfiguration;
			buildSettings = {
				BUNDLE_LOADER = "$(BUILT_PRODUCTS_DIR)/WeChat.app/WeChat";
				FRAMEWORK_SEARCH_PATHS = (
					"\"$(SDKROOT)/Developer/Library/Frameworks\"",
					"\"$(DEVELOPER_LIBRARY_DIR)/Frameworks\"",
				);
				GCC_PRECOMPILE_PREFIX_HEADER = YES;
				GCC_PREFIX_HEADER = "WeChat/WeChat-Prefix.pch";
				INFOPLIST_FILE = "WeChatTests/WeChatTests-Info.plist";
				PRODUCT_NAME = "$(TARGET_NAME)";
				TEST_HOST = "$(BUNDLE_LOADER)";
				WRAPPER_EXTENSION = octest;
			};
			name = Release;
		};
/* End XCBuildConfiguration section */

/* Begin XCConfigurationList section */
		AA82E381183F271F000CB554 /* Build configuration list for PBXProject "WeChat" */ = {
			isa = XCConfigurationList;
			buildConfigurations = (
				AA82E3BC183F2720000CB554 /* Debug */,
				AA82E3BD183F2720000CB554 /* Release */,
			);
			defaultConfigurationIsVisible = 0;
			defaultConfigurationName = Release;
		};
		AA82E3BE183F2720000CB554 /* Build configuration list for PBXNativeTarget "WeChat" */ = {
			isa = XCConfigurationList;
			buildConfigurations = (
				AA82E3BF183F2720000CB554 /* Debug */,
				AA82E3C0183F2720000CB554 /* Release */,
			);
			defaultConfigurationIsVisible = 0;
			defaultConfigurationName = Release;
		};
		AA82E3C1183F2720000CB554 /* Build configuration list for PBXNativeTarget "WeChatTests" */ = {
			isa = XCConfigurationList;
			buildConfigurations = (
				AA82E3C2183F2720000CB554 /* Debug */,
				AA82E3C3183F2720000CB554 /* Release */,
			);
			defaultConfigurationIsVisible = 0;
			defaultConfigurationName = Release;
		};
/* End XCConfigurationList section */
	};
	rootObject = AA82E37E183F271F000CB554 /* Project object */;
}
